// !$*UTF8*$!
{
	archiveVersion = 1;
	classes = {
	};
	objectVersion = 46;
	objects = {

/* Begin PBXBuildFile section */
		1C6BBE9A1CC754880085145C /* RootViewController.m in Sources */ = {isa = PBXBuildFile; fileRef = 1C6BBE991CC754880085145C /* RootViewController.m */; };
		1C6BBE9D1CC781E50085145C /* RepeatViewController.m in Sources */ = {isa = PBXBuildFile; fileRef = 1C6BBE9C1CC781E50085145C /* RepeatViewController.m */; };
		1CBEC5FC1CCA276200C2064E /* libWSPX.a in Frameworks */ = {isa = PBXBuildFile; fileRef = 1CBEC5FB1CCA276200C2064E /* libWSPX.a */; };
		1CBFEF711CA420AE009A96A1 /* main.m in Sources */ = {isa = PBXBuildFile; fileRef = 1CBFEF701CA420AE009A96A1 /* main.m */; };
		1CBFEF741CA420AE009A96A1 /* AppDelegate.m in Sources */ = {isa = PBXBuildFile; fileRef = 1CBFEF731CA420AE009A96A1 /* AppDelegate.m */; };
		1CBFEF771CA420AE009A96A1 /* WebViewController.m in Sources */ = {isa = PBXBuildFile; fileRef = 1CBFEF761CA420AE009A96A1 /* WebViewController.m */; };
		1CBFEF7A1CA420AE009A96A1 /* Main.storyboard in Resources */ = {isa = PBXBuildFile; fileRef = 1CBFEF781CA420AE009A96A1 /* Main.storyboard */; };
		1CBFEF7C1CA420AE009A96A1 /* Assets.xcassets in Resources */ = {isa = PBXBuildFile; fileRef = 1CBFEF7B1CA420AE009A96A1 /* Assets.xcassets */; };
		1CBFEF7F1CA420AE009A96A1 /* LaunchScreen.storyboard in Resources */ = {isa = PBXBuildFile; fileRef = 1CBFEF7D1CA420AE009A96A1 /* LaunchScreen.storyboard */; };
		1CC466211CC640E6000E54C5 /* libstdc++.6.0.9.tbd in Frameworks */ = {isa = PBXBuildFile; fileRef = 1CC466201CC640E6000E54C5 /* libstdc++.6.0.9.tbd */; };
		1CC466231CC640F0000E54C5 /* libz.tbd in Frameworks */ = {isa = PBXBuildFile; fileRef = 1CC466221CC640F0000E54C5 /* libz.tbd */; };
		1CC466251CC640FB000E54C5 /* CoreTelephony.framework in Frameworks */ = {isa = PBXBuildFile; fileRef = 1CC466241CC640FB000E54C5 /* CoreTelephony.framework */; };
		1CC466271CC64104000E54C5 /* libresolv.9.tbd in Frameworks */ = {isa = PBXBuildFile; fileRef = 1CC466261CC64104000E54C5 /* libresolv.9.tbd */; };
		1CC466291CC64116000E54C5 /* CFNetwork.framework in Frameworks */ = {isa = PBXBuildFile; fileRef = 1CC466281CC64116000E54C5 /* CFNetwork.framework */; };
		1CC4662C1CC64184000E54C5 /* AdSupport.framework in Frameworks */ = {isa = PBXBuildFile; fileRef = 1CC4662B1CC64184000E54C5 /* AdSupport.framework */; };
		1CC466331CC64245000E54C5 /* SystemConfiguration.framework in Frameworks */ = {isa = PBXBuildFile; fileRef = 1CC466311CC641E0000E54C5 /* SystemConfiguration.framework */; };
		1CC466391CC647E3000E54C5 /* AVFoundation.framework in Frameworks */ = {isa = PBXBuildFile; fileRef = 1CC466381CC647E3000E54C5 /* AVFoundation.framework */; };
/* End PBXBuildFile section */

/* Begin PBXFileReference section */
		1C6BBE981CC754880085145C /* RootViewController.h */ = {isa = PBXFileReference; fileEncoding = 4; lastKnownFileType = sourcecode.c.h; path = RootViewController.h; sourceTree = "<group>"; };
		1C6BBE991CC754880085145C /* RootViewController.m */ = {isa = PBXFileReference; fileEncoding = 4; lastKnownFileType = sourcecode.c.objc; path = RootViewController.m; sourceTree = "<group>"; };
		1C6BBE9B1CC781E50085145C /* RepeatViewController.h */ = {isa = PBXFileReference; fileEncoding = 4; lastKnownFileType = sourcecode.c.h; path = RepeatViewController.h; sourceTree = "<group>"; };
		1C6BBE9C1CC781E50085145C /* RepeatViewController.m */ = {isa = PBXFileReference; fileEncoding = 4; lastKnownFileType = sourcecode.c.objc; path = RepeatViewController.m; sourceTree = "<group>"; };
		1C6BBE9E1CC78A6D0085145C /* WebViewDemo_Prefix.pch */ = {isa = PBXFileReference; lastKnownFileType = sourcecode.c.h; path = WebViewDemo_Prefix.pch; sourceTree = "<group>"; };
		1CBEC5FB1CCA276200C2064E /* libWSPX.a */ = {isa = PBXFileReference; lastKnownFileType = archive.ar; path = libWSPX.a; sourceTree = "<group>"; };
		1CBFEF6C1CA420AE009A96A1 /* WebViewDemo.app */ = {isa = PBXFileReference; explicitFileType = wrapper.application; includeInIndex = 0; path = WebViewDemo.app; sourceTree = BUILT_PRODUCTS_DIR; };
		1CBFEF701CA420AE009A96A1 /* main.m */ = {isa = PBXFileReference; lastKnownFileType = sourcecode.c.objc; path = main.m; sourceTree = "<group>"; };
		1CBFEF721CA420AE009A96A1 /* AppDelegate.h */ = {isa = PBXFileReference; lastKnownFileType = sourcecode.c.h; path = AppDelegate.h; sourceTree = "<group>"; };
		1CBFEF731CA420AE009A96A1 /* AppDelegate.m */ = {isa = PBXFileReference; lastKnownFileType = sourcecode.c.objc; path = AppDelegate.m; sourceTree = "<group>"; };
		1CBFEF751CA420AE009A96A1 /* WebViewController.h */ = {isa = PBXFileReference; lastKnownFileType = sourcecode.c.h; path = WebViewController.h; sourceTree = "<group>"; };
		1CBFEF761CA420AE009A96A1 /* WebViewController.m */ = {isa = PBXFileReference; lastKnownFileType = sourcecode.c.objc; path = WebViewController.m; sourceTree = "<group>"; };
		1CBFEF791CA420AE009A96A1 /* Base */ = {isa = PBXFileReference; lastKnownFileType = file.storyboard; name = Base; path = Base.lproj/Main.storyboard; sourceTree = "<group>"; };
		1CBFEF7B1CA420AE009A96A1 /* Assets.xcassets */ = {isa = PBXFileReference; lastKnownFileType = folder.assetcatalog; path = Assets.xcassets; sourceTree = "<group>"; };
		1CBFEF7E1CA420AE009A96A1 /* Base */ = {isa = PBXFileReference; lastKnownFileType = file.storyboard; name = Base; path = Base.lproj/LaunchScreen.storyboard; sourceTree = "<group>"; };
		1CBFEF801CA420AE009A96A1 /* Info.plist */ = {isa = PBXFileReference; lastKnownFileType = text.plist.xml; path = Info.plist; sourceTree = "<group>"; };
		1CC4661F1CC6408E000E54C5 /* WSPX.h */ = {isa = PBXFileReference; fileEncoding = 4; lastKnownFileType = sourcecode.c.h; path = WSPX.h; sourceTree = "<group>"; };
		1CC466201CC640E6000E54C5 /* libstdc++.6.0.9.tbd */ = {isa = PBXFileReference; lastKnownFileType = "sourcecode.text-based-dylib-definition"; name = "libstdc++.6.0.9.tbd"; path = "usr/lib/libstdc++.6.0.9.tbd"; sourceTree = SDKROOT; };
		1CC466221CC640F0000E54C5 /* libz.tbd */ = {isa = PBXFileReference; lastKnownFileType = "sourcecode.text-based-dylib-definition"; name = libz.tbd; path = usr/lib/libz.tbd; sourceTree = SDKROOT; };
		1CC466241CC640FB000E54C5 /* CoreTelephony.framework */ = {isa = PBXFileReference; lastKnownFileType = wrapper.framework; name = CoreTelephony.framework; path = System/Library/Frameworks/CoreTelephony.framework; sourceTree = SDKROOT; };
		1CC466261CC64104000E54C5 /* libresolv.9.tbd */ = {isa = PBXFileReference; lastKnownFileType = "sourcecode.text-based-dylib-definition"; name = libresolv.9.tbd; path = usr/lib/libresolv.9.tbd; sourceTree = SDKROOT; };
		1CC466281CC64116000E54C5 /* CFNetwork.framework */ = {isa = PBXFileReference; lastKnownFileType = wrapper.framework; name = CFNetwork.framework; path = System/Library/Frameworks/CFNetwork.framework; sourceTree = SDKROOT; };
		1CC4662B1CC64184000E54C5 /* AdSupport.framework */ = {isa = PBXFileReference; lastKnownFileType = wrapper.framework; name = AdSupport.framework; path = System/Library/Frameworks/AdSupport.framework; sourceTree = SDKROOT; };
		1CC466311CC641E0000E54C5 /* SystemConfiguration.framework */ = {isa = PBXFileReference; lastKnownFileType = wrapper.framework; name = SystemConfiguration.framework; path = System/Library/Frameworks/SystemConfiguration.framework; sourceTree = SDKROOT; };
		1CC466341CC647C4000E54C5 /* MediaPlayer.framework */ = {isa = PBXFileReference; lastKnownFileType = wrapper.framework; name = MediaPlayer.framework; path = System/Library/Frameworks/MediaPlayer.framework; sourceTree = SDKROOT; };
		1CC466361CC647CB000E54C5 /* CoreMedia.framework */ = {isa = PBXFileReference; lastKnownFileType = wrapper.framework; name = CoreMedia.framework; path = System/Library/Frameworks/CoreMedia.framework; sourceTree = SDKROOT; };
		1CC466381CC647E3000E54C5 /* AVFoundation.framework */ = {isa = PBXFileReference; lastKnownFileType = wrapper.framework; name = AVFoundation.framework; path = System/Library/Frameworks/AVFoundation.framework; sourceTree = SDKROOT; };
/* End PBXFileReference section */

/* Begin PBXFrameworksBuildPhase section */
		1CBFEF691CA420AE009A96A1 /* Frameworks */ = {
			isa = PBXFrameworksBuildPhase;
			buildActionMask = 2147483647;
			files = (
				1CC466391CC647E3000E54C5 /* AVFoundation.framework in Frameworks */,
				1CC466331CC64245000E54C5 /* SystemConfiguration.framework in Frameworks */,
				1CBEC5FC1CCA276200C2064E /* libWSPX.a in Frameworks */,
				1CC4662C1CC64184000E54C5 /* AdSupport.framework in Frameworks */,
				1CC466291CC64116000E54C5 /* CFNetwork.framework in Frameworks */,
				1CC466271CC64104000E54C5 /* libresolv.9.tbd in Frameworks */,
				1CC466251CC640FB000E54C5 /* CoreTelephony.framework in Frameworks */,
				1CC466231CC640F0000E54C5 /* libz.tbd in Frameworks */,
				1CC466211CC640E6000E54C5 /* libstdc++.6.0.9.tbd in Frameworks */,
			);
			runOnlyForDeploymentPostprocessing = 0;
		};
/* End PBXFrameworksBuildPhase section */

/* Begin PBXGroup section */
		1C81EF4C1CC603B1007D0315 /* libWSPX */ = {
			isa = PBXGroup;
			children = (
				1CBEC5FB1CCA276200C2064E /* libWSPX.a */,
				1CC4661F1CC6408E000E54C5 /* WSPX.h */,
			);
			path = libWSPX;
			sourceTree = "<group>";
		};
		1CBFEF631CA420AE009A96A1 = {
			isa = PBXGroup;
			children = (
				1CC466381CC647E3000E54C5 /* AVFoundation.framework */,
				1CC466361CC647CB000E54C5 /* CoreMedia.framework */,
				1CC466341CC647C4000E54C5 /* MediaPlayer.framework */,
				1CC466311CC641E0000E54C5 /* SystemConfiguration.framework */,
				1CC4662B1CC64184000E54C5 /* AdSupport.framework */,
				1CC466281CC64116000E54C5 /* CFNetwork.framework */,
				1CC466261CC64104000E54C5 /* libresolv.9.tbd */,
				1CC466241CC640FB000E54C5 /* CoreTelephony.framework */,
				1CC466221CC640F0000E54C5 /* libz.tbd */,
				1CC466201CC640E6000E54C5 /* libstdc++.6.0.9.tbd */,
				1CBFEF6E1CA420AE009A96A1 /* WebViewDemo */,
				1CBFEF6D1CA420AE009A96A1 /* Products */,
			);
			sourceTree = "<group>";
		};
		1CBFEF6D1CA420AE009A96A1 /* Products */ = {
			isa = PBXGroup;
			children = (
				1CBFEF6C1CA420AE009A96A1 /* WebViewDemo.app */,
			);
			name = Products;
			sourceTree = "<group>";
		};
		1CBFEF6E1CA420AE009A96A1 /* WebViewDemo */ = {
			isa = PBXGroup;
			children = (
				1C81EF4C1CC603B1007D0315 /* libWSPX */,
				1CBFEF721CA420AE009A96A1 /* AppDelegate.h */,
				1CBFEF731CA420AE009A96A1 /* AppDelegate.m */,
				1CBFEF751CA420AE009A96A1 /* WebViewController.h */,
				1CBFEF761CA420AE009A96A1 /* WebViewController.m */,
				1C6BBE9B1CC781E50085145C /* RepeatViewController.h */,
				1C6BBE9C1CC781E50085145C /* RepeatViewController.m */,
				1C6BBE981CC754880085145C /* RootViewController.h */,
				1C6BBE991CC754880085145C /* RootViewController.m */,
				1CBFEF781CA420AE009A96A1 /* Main.storyboard */,
				1CBFEF7B1CA420AE009A96A1 /* Assets.xcassets */,
				1CBFEF7D1CA420AE009A96A1 /* LaunchScreen.storyboard */,
				1CBFEF801CA420AE009A96A1 /* Info.plist */,
				1CBFEF6F1CA420AE009A96A1 /* Supporting Files */,
				1C6BBE9E1CC78A6D0085145C /* WebViewDemo_Prefix.pch */,
			);
			path = WebViewDemo;
			sourceTree = "<group>";
		};
		1CBFEF6F1CA420AE009A96A1 /* Supporting Files */ = {
			isa = PBXGroup;
			children = (
				1CBFEF701CA420AE009A96A1 /* main.m */,
			);
			name = "Supporting Files";
			sourceTree = "<group>";
		};
/* End PBXGroup section */

/* Begin PBXNativeTarget section */
		1CBFEF6B1CA420AE009A96A1 /* WebViewDemo */ = {
			isa = PBXNativeTarget;
			buildConfigurationList = 1CBFEF831CA420AE009A96A1 /* Build configuration list for PBXNativeTarget "WebViewDemo" */;
			buildPhases = (
				1CBFEF681CA420AE009A96A1 /* Sources */,
				1CBFEF691CA420AE009A96A1 /* Frameworks */,
				1CBFEF6A1CA420AE009A96A1 /* Resources */,
			);
			buildRules = (
			);
			dependencies = (
			);
			name = WebViewDemo;
			productName = WebViewDemo;
			productReference = 1CBFEF6C1CA420AE009A96A1 /* WebViewDemo.app */;
			productType = "com.apple.product-type.application";
		};
/* End PBXNativeTarget section */

/* Begin PBXProject section */
		1CBFEF641CA420AE009A96A1 /* Project object */ = {
			isa = PBXProject;
			attributes = {
				LastUpgradeCheck = 0730;
				ORGANIZATIONNAME = ChinaNetCenter;
				TargetAttributes = {
					1CBFEF6B1CA420AE009A96A1 = {
						CreatedOnToolsVersion = 7.3;
						DevelopmentTeam = T65EE75V48;
						ProvisioningStyle = Automatic;
					};
				};
			};
			buildConfigurationList = 1CBFEF671CA420AE009A96A1 /* Build configuration list for PBXProject "WebViewDemo" */;
			compatibilityVersion = "Xcode 3.2";
			developmentRegion = English;
			hasScannedForEncodings = 0;
			knownRegions = (
				en,
				Base,
			);
			mainGroup = 1CBFEF631CA420AE009A96A1;
			productRefGroup = 1CBFEF6D1CA420AE009A96A1 /* Products */;
			projectDirPath = "";
			projectRoot = "";
			targets = (
				1CBFEF6B1CA420AE009A96A1 /* WebViewDemo */,
			);
		};
/* End PBXProject section */

/* Begin PBXResourcesBuildPhase section */
		1CBFEF6A1CA420AE009A96A1 /* Resources */ = {
			isa = PBXResourcesBuildPhase;
			buildActionMask = 2147483647;
			files = (
				1CBFEF7F1CA420AE009A96A1 /* LaunchScreen.storyboard in Resources */,
				1CBFEF7C1CA420AE009A96A1 /* Assets.xcassets in Resources */,
				1CBFEF7A1CA420AE009A96A1 /* Main.storyboard in Resources */,
			);
			runOnlyForDeploymentPostprocessing = 0;
		};
/* End PBXResourcesBuildPhase section */

/* Begin PBXSourcesBuildPhase section */
		1CBFEF681CA420AE009A96A1 /* Sources */ = {
			isa = PBXSourcesBuildPhase;
			buildActionMask = 2147483647;
			files = (
				1CBFEF771CA420AE009A96A1 /* WebViewController.m in Sources */,
				1C6BBE9D1CC781E50085145C /* RepeatViewController.m in Sources */,
				1CBFEF741CA420AE009A96A1 /* AppDelegate.m in Sources */,
				1C6BBE9A1CC754880085145C /* RootViewController.m in Sources */,
				1CBFEF711CA420AE009A96A1 /* main.m in Sources */,
			);
			runOnlyForDeploymentPostprocessing = 0;
		};
/* End PBXSourcesBuildPhase section */

/* Begin PBXVariantGroup section */
		1CBFEF781CA420AE009A96A1 /* Main.storyboard */ = {
			isa = PBXVariantGroup;
			children = (
				1CBFEF791CA420AE009A96A1 /* Base */,
			);
			name = Main.storyboard;
			sourceTree = "<group>";
		};
		1CBFEF7D1CA420AE009A96A1 /* LaunchScreen.storyboard */ = {
			isa = PBXVariantGroup;
			children = (
				1CBFEF7E1CA420AE009A96A1 /* Base */,
			);
			name = LaunchScreen.storyboard;
			sourceTree = "<group>";
		};
/* End PBXVariantGroup section */

/* Begin XCBuildConfiguration section */
		1CBFEF811CA420AE009A96A1 /* Debug */ = {
			isa = XCBuildConfiguration;
			buildSettings = {
				ALWAYS_SEARCH_USER_PATHS = NO;
				CLANG_ANALYZER_NONNULL = YES;
				CLANG_CXX_LANGUAGE_STANDARD = "gnu++0x";
				CLANG_CXX_LIBRARY = "libc++";
				CLANG_ENABLE_MODULES = YES;
				CLANG_ENABLE_OBJC_ARC = YES;
				CLANG_WARN_BOOL_CONVERSION = YES;
				CLANG_WARN_CONSTANT_CONVERSION = YES;
				CLANG_WARN_DIRECT_OBJC_ISA_USAGE = YES_ERROR;
				CLANG_WARN_EMPTY_BODY = YES;
				CLANG_WARN_ENUM_CONVERSION = YES;
				CLANG_WARN_INT_CONVERSION = YES;
				CLANG_WARN_OBJC_ROOT_CLASS = YES_ERROR;
				CLANG_WARN_UNREACHABLE_CODE = YES;
				CLANG_WARN__DUPLICATE_METHOD_MATCH = YES;
				CODE_SIGN_IDENTITY = "iPhone Developer: wadahana@gmail.com (JTE45CXHN9)";
				"CODE_SIGN_IDENTITY[sdk=iphoneos*]" = "iPhone Developer: wadahana@gmail.com (JTE45CXHN9)";
				COPY_PHASE_STRIP = NO;
				DEBUG_INFORMATION_FORMAT = dwarf;
				ENABLE_STRICT_OBJC_MSGSEND = YES;
				ENABLE_TESTABILITY = YES;
				GCC_C_LANGUAGE_STANDARD = gnu99;
				GCC_DYNAMIC_NO_PIC = NO;
				GCC_NO_COMMON_BLOCKS = YES;
				GCC_OPTIMIZATION_LEVEL = 0;
				GCC_PREPROCESSOR_DEFINITIONS = (
					"DEBUG=1",
					"$(inherited)",
				);
				GCC_WARN_64_TO_32_BIT_CONVERSION = YES;
				GCC_WARN_ABOUT_RETURN_TYPE = YES_ERROR;
				GCC_WARN_UNDECLARED_SELECTOR = YES;
				GCC_WARN_UNINITIALIZED_AUTOS = YES_AGGRESSIVE;
				GCC_WARN_UNUSED_FUNCTION = YES;
				GCC_WARN_UNUSED_VARIABLE = YES;
				IPHONEOS_DEPLOYMENT_TARGET = 9.3;
				MTL_ENABLE_DEBUG_INFO = YES;
				ONLY_ACTIVE_ARCH = YES;
				SDKROOT = iphoneos;
			};
			name = Debug;
		};
		1CBFEF821CA420AE009A96A1 /* Release */ = {
			isa = XCBuildConfiguration;
			buildSettings = {
				ALWAYS_SEARCH_USER_PATHS = NO;
				CLANG_ANALYZER_NONNULL = YES;
				CLANG_CXX_LANGUAGE_STANDARD = "gnu++0x";
				CLANG_CXX_LIBRARY = "libc++";
				CLANG_ENABLE_MODULES = YES;
				CLANG_ENABLE_OBJC_ARC = YES;
				CLANG_WARN_BOOL_CONVERSION = YES;
				CLANG_WARN_CONSTANT_CONVERSION = YES;
				CLANG_WARN_DIRECT_OBJC_ISA_USAGE = YES_ERROR;
				CLANG_WARN_EMPTY_BODY = YES;
				CLANG_WARN_ENUM_CONVERSION = YES;
				CLANG_WARN_INT_CONVERSION = YES;
				CLANG_WARN_OBJC_ROOT_CLASS = YES_ERROR;
				CLANG_WARN_UNREACHABLE_CODE = YES;
				CLANG_WARN__DUPLICATE_METHOD_MATCH = YES;
				CODE_SIGN_IDENTITY = "iPhone Developer: wadahana@gmail.com (JTE45CXHN9)";
				"CODE_SIGN_IDENTITY[sdk=iphoneos*]" = "iPhone Developer: wadahana@gmail.com (JTE45CXHN9)";
				COPY_PHASE_STRIP = NO;
				DEBUG_INFORMATION_FORMAT = "dwarf-with-dsym";
				ENABLE_NS_ASSERTIONS = NO;
				ENABLE_STRICT_OBJC_MSGSEND = YES;
				GCC_C_LANGUAGE_STANDARD = gnu99;
				GCC_NO_COMMON_BLOCKS = YES;
				GCC_WARN_64_TO_32_BIT_CONVERSION = YES;
				GCC_WARN_ABOUT_RETURN_TYPE = YES_ERROR;
				GCC_WARN_UNDECLARED_SELECTOR = YES;
				GCC_WARN_UNINITIALIZED_AUTOS = YES_AGGRESSIVE;
				GCC_WARN_UNUSED_FUNCTION = YES;
				GCC_WARN_UNUSED_VARIABLE = YES;
				IPHONEOS_DEPLOYMENT_TARGET = 9.3;
				MTL_ENABLE_DEBUG_INFO = NO;
				SDKROOT = iphoneos;
				VALIDATE_PRODUCT = YES;
			};
			name = Release;
		};
		1CBFEF841CA420AE009A96A1 /* Debug */ = {
			isa = XCBuildConfiguration;
			buildSettings = {
				ASSETCATALOG_COMPILER_APPICON_NAME = AppIcon;
				CODE_SIGN_IDENTITY = "iPhone Developer";
				"CODE_SIGN_IDENTITY[sdk=iphoneos*]" = "iPhone Developer";
				CODE_SIGN_STYLE = Automatic;
				DEVELOPMENT_TEAM = T65EE75V48;
				ENABLE_BITCODE = NO;
				GCC_INCREASE_PRECOMPILED_HEADER_SHARING = NO;
				GCC_PRECOMPILE_PREFIX_HEADER = YES;
				GCC_PREFIX_HEADER = WebViewDemo/WebViewDemo_Prefix.pch;
				INFOPLIST_FILE = WebViewDemo/Info.plist;
				IPHONEOS_DEPLOYMENT_TARGET = 7.0;
				LD_RUNPATH_SEARCH_PATHS = "$(inherited) @executable_path/Frameworks";
				LIBRARY_SEARCH_PATHS = (
					"$(inherited)",
					"$(PROJECT_DIR)/WebViewDemo/libWSPX",
				);
				PRODUCT_BUNDLE_IDENTIFIER = com.ido.test;
				PRODUCT_NAME = "$(TARGET_NAME)";
				PROVISIONING_PROFILE = "";
				PROVISIONING_PROFILE_SPECIFIER = "";
			};
			name = Debug;
		};
		1CBFEF851CA420AE009A96A1 /* Release */ = {
			isa = XCBuildConfiguration;
			buildSettings = {
				ASSETCATALOG_COMPILER_APPICON_NAME = AppIcon;
				CODE_SIGN_IDENTITY = "iPhone Developer";
				"CODE_SIGN_IDENTITY[sdk=iphoneos*]" = "iPhone Developer";
				CODE_SIGN_STYLE = Automatic;
				DEVELOPMENT_TEAM = T65EE75V48;
				ENABLE_BITCODE = NO;
				GCC_INCREASE_PRECOMPILED_HEADER_SHARING = NO;
				GCC_PRECOMPILE_PREFIX_HEADER = YES;
				GCC_PREFIX_HEADER = WebViewDemo/WebViewDemo_Prefix.pch;
				INFOPLIST_FILE = WebViewDemo/Info.plist;
				IPHONEOS_DEPLOYMENT_TARGET = 7.0;
				LD_RUNPATH_SEARCH_PATHS = "$(inherited) @executable_path/Frameworks";
				LIBRARY_SEARCH_PATHS = (
					"$(inherited)",
					"$(PROJECT_DIR)/WebViewDemo/libWSPX",
				);
				PRODUCT_BUNDLE_IDENTIFIER = com.ido.test;
				PRODUCT_NAME = "$(TARGET_NAME)";
				PROVISIONING_PROFILE = "";
				PROVISIONING_PROFILE_SPECIFIER = "";
			};
			name = Release;
		};
/* End XCBuildConfiguration section */

/* Begin XCConfigurationList section */
		1CBFEF671CA420AE009A96A1 /* Build configuration list for PBXProject "WebViewDemo" */ = {
			isa = XCConfigurationList;
			buildConfigurations = (
				1CBFEF811CA420AE009A96A1 /* Debug */,
				1CBFEF821CA420AE009A96A1 /* Release */,
			);
			defaultConfigurationIsVisible = 0;
			defaultConfigurationName = Release;
		};
		1CBFEF831CA420AE009A96A1 /* Build configuration list for PBXNativeTarget "WebViewDemo" */ = {
			isa = XCConfigurationList;
			buildConfigurations = (
				1CBFEF841CA420AE009A96A1 /* Debug */,
				1CBFEF851CA420AE009A96A1 /* Release */,
			);
			defaultConfigurationIsVisible = 0;
			defaultConfigurationName = Release;
		};
/* End XCConfigurationList section */
	};
	rootObject = 1CBFEF641CA420AE009A96A1 /* Project object */;
}
