// !$*UTF8*$!
{
	archiveVersion = 1;
	classes = {
	};
	objectVersion = 48;
	objects = {

/* Begin PBXBuildFile section */
		26C3EABFA4C591A0E8BEC850 /* libPods-googleMap.a in Frameworks */ = {isa = PBXBuildFile; fileRef = FB5E1464D271C9F70730B293 /* libPods-googleMap.a */; };
		DB0C4E041FEA499C00F3D9F7 /* track.json in Resources */ = {isa = PBXBuildFile; fileRef = DB0C4E031FEA499C00F3D9F7 /* track.json */; };
		DB0C4E0A1FEA501D00F3D9F7 /* end@2x.png in Resources */ = {isa = PBXBuildFile; fileRef = DB0C4E061FEA501D00F3D9F7 /* end@2x.png */; };
		DB0C4E0B1FEA501D00F3D9F7 /* end@3x.png in Resources */ = {isa = PBXBuildFile; fileRef = DB0C4E071FEA501D00F3D9F7 /* end@3x.png */; };
		DB0C4E0C1FEA501D00F3D9F7 /* end_02@2x.png in Resources */ = {isa = PBXBuildFile; fileRef = DB0C4E081FEA501D00F3D9F7 /* end_02@2x.png */; };
		DB0C4E0D1FEA501D00F3D9F7 /* end_02@3x.png in Resources */ = {isa = PBXBuildFile; fileRef = DB0C4E091FEA501D00F3D9F7 /* end_02@3x.png */; };
		DB0C4E101FEA50F900F3D9F7 /* time_select@2x.png in Resources */ = {isa = PBXBuildFile; fileRef = DB0C4E0E1FEA50F900F3D9F7 /* time_select@2x.png */; };
		DB0C4E111FEA50F900F3D9F7 /* time_select@3x.png in Resources */ = {isa = PBXBuildFile; fileRef = DB0C4E0F1FEA50F900F3D9F7 /* time_select@3x.png */; };
		DB7A16D41FEA1ECE007CAFB9 /* AppDelegate.m in Sources */ = {isa = PBXBuildFile; fileRef = DB7A16D31FEA1ECE007CAFB9 /* AppDelegate.m */; };
		DB7A16D71FEA1ECE007CAFB9 /* ViewController.m in Sources */ = {isa = PBXBuildFile; fileRef = DB7A16D61FEA1ECE007CAFB9 /* ViewController.m */; };
		DB7A16DA1FEA1ECE007CAFB9 /* Main.storyboard in Resources */ = {isa = PBXBuildFile; fileRef = DB7A16D81FEA1ECE007CAFB9 /* Main.storyboard */; };
		DB7A16DC1FEA1ECE007CAFB9 /* Assets.xcassets in Resources */ = {isa = PBXBuildFile; fileRef = DB7A16DB1FEA1ECE007CAFB9 /* Assets.xcassets */; };
		DB7A16DF1FEA1ECE007CAFB9 /* LaunchScreen.storyboard in Resources */ = {isa = PBXBuildFile; fileRef = DB7A16DD1FEA1ECE007CAFB9 /* LaunchScreen.storyboard */; };
		DB7A16E21FEA1ECE007CAFB9 /* main.m in Sources */ = {isa = PBXBuildFile; fileRef = DB7A16E11FEA1ECE007CAFB9 /* main.m */; };
/* End PBXBuildFile section */

/* Begin PBXFileReference section */
		25ED0F4CB79EC7C51CD859FB /* Pods-googleMap.debug.xcconfig */ = {isa = PBXFileReference; includeInIndex = 1; lastKnownFileType = text.xcconfig; name = "Pods-googleMap.debug.xcconfig"; path = "Pods/Target Support Files/Pods-googleMap/Pods-googleMap.debug.xcconfig"; sourceTree = "<group>"; };
		C9054B7933B9371297BA46B1 /* Pods-googleMap.release.xcconfig */ = {isa = PBXFileReference; includeInIndex = 1; lastKnownFileType = text.xcconfig; name = "Pods-googleMap.release.xcconfig"; path = "Pods/Target Support Files/Pods-googleMap/Pods-googleMap.release.xcconfig"; sourceTree = "<group>"; };
		DB0C4E031FEA499C00F3D9F7 /* track.json */ = {isa = PBXFileReference; fileEncoding = 4; lastKnownFileType = text.json; path = track.json; sourceTree = "<group>"; };
		DB0C4E061FEA501D00F3D9F7 /* end@2x.png */ = {isa = PBXFileReference; lastKnownFileType = image.png; path = "end@2x.png"; sourceTree = "<group>"; };
		DB0C4E071FEA501D00F3D9F7 /* end@3x.png */ = {isa = PBXFileReference; lastKnownFileType = image.png; path = "end@3x.png"; sourceTree = "<group>"; };
		DB0C4E081FEA501D00F3D9F7 /* end_02@2x.png */ = {isa = PBXFileReference; lastKnownFileType = image.png; path = "end_02@2x.png"; sourceTree = "<group>"; };
		DB0C4E091FEA501D00F3D9F7 /* end_02@3x.png */ = {isa = PBXFileReference; lastKnownFileType = image.png; path = "end_02@3x.png"; sourceTree = "<group>"; };
		DB0C4E0E1FEA50F900F3D9F7 /* time_select@2x.png */ = {isa = PBXFileReference; lastKnownFileType = image.png; path = "time_select@2x.png"; sourceTree = "<group>"; };
		DB0C4E0F1FEA50F900F3D9F7 /* time_select@3x.png */ = {isa = PBXFileReference; lastKnownFileType = image.png; path = "time_select@3x.png"; sourceTree = "<group>"; };
		DB7A16CF1FEA1ECE007CAFB9 /* googleMap.app */ = {isa = PBXFileReference; explicitFileType = wrapper.application; includeInIndex = 0; path = googleMap.app; sourceTree = BUILT_PRODUCTS_DIR; };
		DB7A16D21FEA1ECE007CAFB9 /* AppDelegate.h */ = {isa = PBXFileReference; lastKnownFileType = sourcecode.c.h; path = AppDelegate.h; sourceTree = "<group>"; };
		DB7A16D31FEA1ECE007CAFB9 /* AppDelegate.m */ = {isa = PBXFileReference; lastKnownFileType = sourcecode.c.objc; path = AppDelegate.m; sourceTree = "<group>"; };
		DB7A16D51FEA1ECE007CAFB9 /* ViewController.h */ = {isa = PBXFileReference; lastKnownFileType = sourcecode.c.h; path = ViewController.h; sourceTree = "<group>"; };
		DB7A16D61FEA1ECE007CAFB9 /* ViewController.m */ = {isa = PBXFileReference; lastKnownFileType = sourcecode.c.objc; path = ViewController.m; sourceTree = "<group>"; };
		DB7A16D91FEA1ECE007CAFB9 /* Base */ = {isa = PBXFileReference; lastKnownFileType = file.storyboard; name = Base; path = Base.lproj/Main.storyboard; sourceTree = "<group>"; };
		DB7A16DB1FEA1ECE007CAFB9 /* Assets.xcassets */ = {isa = PBXFileReference; lastKnownFileType = folder.assetcatalog; path = Assets.xcassets; sourceTree = "<group>"; };
		DB7A16DE1FEA1ECE007CAFB9 /* Base */ = {isa = PBXFileReference; lastKnownFileType = file.storyboard; name = Base; path = Base.lproj/LaunchScreen.storyboard; sourceTree = "<group>"; };
		DB7A16E01FEA1ECE007CAFB9 /* Info.plist */ = {isa = PBXFileReference; lastKnownFileType = text.plist.xml; path = Info.plist; sourceTree = "<group>"; };
		DB7A16E11FEA1ECE007CAFB9 /* main.m */ = {isa = PBXFileReference; lastKnownFileType = sourcecode.c.objc; path = main.m; sourceTree = "<group>"; };
		FB5E1464D271C9F70730B293 /* libPods-googleMap.a */ = {isa = PBXFileReference; explicitFileType = archive.ar; includeInIndex = 0; path = "libPods-googleMap.a"; sourceTree = BUILT_PRODUCTS_DIR; };
/* End PBXFileReference section */

/* Begin PBXFrameworksBuildPhase section */
		DB7A16CC1FEA1ECE007CAFB9 /* Frameworks */ = {
			isa = PBXFrameworksBuildPhase;
			buildActionMask = 2147483647;
			files = (
				26C3EABFA4C591A0E8BEC850 /* libPods-googleMap.a in Frameworks */,
			);
			runOnlyForDeploymentPostprocessing = 0;
		};
/* End PBXFrameworksBuildPhase section */

/* Begin PBXGroup section */
		DB0C4E051FEA501D00F3D9F7 /* image */ = {
			isa = PBXGroup;
			children = (
				DB0C4E0E1FEA50F900F3D9F7 /* time_select@2x.png */,
				DB0C4E0F1FEA50F900F3D9F7 /* time_select@3x.png */,
				DB0C4E061FEA501D00F3D9F7 /* end@2x.png */,
				DB0C4E071FEA501D00F3D9F7 /* end@3x.png */,
				DB0C4E081FEA501D00F3D9F7 /* end_02@2x.png */,
				DB0C4E091FEA501D00F3D9F7 /* end_02@3x.png */,
			);
			path = image;
			sourceTree = "<group>";
		};
		DB7A16C61FEA1ECE007CAFB9 = {
			isa = PBXGroup;
			children = (
				DB0C4E051FEA501D00F3D9F7 /* image */,
				DB7A16D11FEA1ECE007CAFB9 /* googleMap */,
				DB7A16D01FEA1ECE007CAFB9 /* Products */,
				DC822F75D3328A9661AF3747 /* Pods */,
				FB2FF4A096ACF71747BF066E /* Frameworks */,
			);
			sourceTree = "<group>";
		};
		DB7A16D01FEA1ECE007CAFB9 /* Products */ = {
			isa = PBXGroup;
			children = (
				DB7A16CF1FEA1ECE007CAFB9 /* googleMap.app */,
			);
			name = Products;
			sourceTree = "<group>";
		};
		DB7A16D11FEA1ECE007CAFB9 /* googleMap */ = {
			isa = PBXGroup;
			children = (
				DB7A16D21FEA1ECE007CAFB9 /* AppDelegate.h */,
				DB7A16D31FEA1ECE007CAFB9 /* AppDelegate.m */,
				DB7A16D51FEA1ECE007CAFB9 /* ViewController.h */,
				DB7A16D61FEA1ECE007CAFB9 /* ViewController.m */,
				DB0C4E031FEA499C00F3D9F7 /* track.json */,
				DB7A16D81FEA1ECE007CAFB9 /* Main.storyboard */,
				DB7A16DB1FEA1ECE007CAFB9 /* Assets.xcassets */,
				DB7A16DD1FEA1ECE007CAFB9 /* LaunchScreen.storyboard */,
				DB7A16E01FEA1ECE007CAFB9 /* Info.plist */,
				DB7A16E11FEA1ECE007CAFB9 /* main.m */,
			);
			path = googleMap;
			sourceTree = "<group>";
		};
		DC822F75D3328A9661AF3747 /* Pods */ = {
			isa = PBXGroup;
			children = (
				25ED0F4CB79EC7C51CD859FB /* Pods-googleMap.debug.xcconfig */,
				C9054B7933B9371297BA46B1 /* Pods-googleMap.release.xcconfig */,
			);
			name = Pods;
			sourceTree = "<group>";
		};
		FB2FF4A096ACF71747BF066E /* Frameworks */ = {
			isa = PBXGroup;
			children = (
				FB5E1464D271C9F70730B293 /* libPods-googleMap.a */,
			);
			name = Frameworks;
			sourceTree = "<group>";
		};
/* End PBXGroup section */

/* Begin PBXNativeTarget section */
		DB7A16CE1FEA1ECE007CAFB9 /* googleMap */ = {
			isa = PBXNativeTarget;
			buildConfigurationList = DB7A16E51FEA1ECE007CAFB9 /* Build configuration list for PBXNativeTarget "googleMap" */;
			buildPhases = (
				F24D3284242B9D8615F05535 /* [CP] Check Pods Manifest.lock */,
				DB7A16CB1FEA1ECE007CAFB9 /* Sources */,
				DB7A16CC1FEA1ECE007CAFB9 /* Frameworks */,
				DB7A16CD1FEA1ECE007CAFB9 /* Resources */,
				88BC7BC00549BCEAF51479F7 /* [CP] Embed Pods Frameworks */,
				A41F34336B7ABDF882B71E9C /* [CP] Copy Pods Resources */,
			);
			buildRules = (
			);
			dependencies = (
			);
			name = googleMap;
			productName = googleMap;
			productReference = DB7A16CF1FEA1ECE007CAFB9 /* googleMap.app */;
			productType = "com.apple.product-type.application";
		};
/* End PBXNativeTarget section */

/* Begin PBXProject section */
		DB7A16C71FEA1ECE007CAFB9 /* Project object */ = {
			isa = PBXProject;
			attributes = {
				LastUpgradeCheck = 0920;
				ORGANIZATIONNAME = xiongze;
				TargetAttributes = {
					DB7A16CE1FEA1ECE007CAFB9 = {
						CreatedOnToolsVersion = 9.2;
						ProvisioningStyle = Automatic;
					};
				};
			};
			buildConfigurationList = DB7A16CA1FEA1ECE007CAFB9 /* Build configuration list for PBXProject "googleMap" */;
			compatibilityVersion = "Xcode 8.0";
			developmentRegion = en;
			hasScannedForEncodings = 0;
			knownRegions = (
				en,
				Base,
			);
			mainGroup = DB7A16C61FEA1ECE007CAFB9;
			productRefGroup = DB7A16D01FEA1ECE007CAFB9 /* Products */;
			projectDirPath = "";
			projectRoot = "";
			targets = (
				DB7A16CE1FEA1ECE007CAFB9 /* googleMap */,
			);
		};
/* End PBXProject section */

/* Begin PBXResourcesBuildPhase section */
		DB7A16CD1FEA1ECE007CAFB9 /* Resources */ = {
			isa = PBXResourcesBuildPhase;
			buildActionMask = 2147483647;
			files = (
				DB7A16DF1FEA1ECE007CAFB9 /* LaunchScreen.storyboard in Resources */,
				DB0C4E0B1FEA501D00F3D9F7 /* end@3x.png in Resources */,
				DB0C4E0C1FEA501D00F3D9F7 /* end_02@2x.png in Resources */,
				DB0C4E101FEA50F900F3D9F7 /* time_select@2x.png in Resources */,
				DB0C4E0D1FEA501D00F3D9F7 /* end_02@3x.png in Resources */,
				DB0C4E0A1FEA501D00F3D9F7 /* end@2x.png in Resources */,
				DB7A16DC1FEA1ECE007CAFB9 /* Assets.xcassets in Resources */,
				DB7A16DA1FEA1ECE007CAFB9 /* Main.storyboard in Resources */,
				DB0C4E111FEA50F900F3D9F7 /* time_select@3x.png in Resources */,
				DB0C4E041FEA499C00F3D9F7 /* track.json in Resources */,
			);
			runOnlyForDeploymentPostprocessing = 0;
		};
/* End PBXResourcesBuildPhase section */

/* Begin PBXShellScriptBuildPhase section */
		88BC7BC00549BCEAF51479F7 /* [CP] Embed Pods Frameworks */ = {
			isa = PBXShellScriptBuildPhase;
			buildActionMask = 2147483647;
			files = (
			);
			inputPaths = (
			);
			name = "[CP] Embed Pods Frameworks";
			outputPaths = (
			);
			runOnlyForDeploymentPostprocessing = 0;
			shellPath = /bin/sh;
			shellScript = "\"${SRCROOT}/Pods/Target Support Files/Pods-googleMap/Pods-googleMap-frameworks.sh\"\n";
			showEnvVarsInLog = 0;
		};
		A41F34336B7ABDF882B71E9C /* [CP] Copy Pods Resources */ = {
			isa = PBXShellScriptBuildPhase;
			buildActionMask = 2147483647;
			files = (
			);
			inputPaths = (
			);
			name = "[CP] Copy Pods Resources";
			outputPaths = (
			);
			runOnlyForDeploymentPostprocessing = 0;
			shellPath = /bin/sh;
			shellScript = "\"${SRCROOT}/Pods/Target Support Files/Pods-googleMap/Pods-googleMap-resources.sh\"\n";
			showEnvVarsInLog = 0;
		};
		F24D3284242B9D8615F05535 /* [CP] Check Pods Manifest.lock */ = {
			isa = PBXShellScriptBuildPhase;
			buildActionMask = 2147483647;
			files = (
			);
			inputPaths = (
			);
			name = "[CP] Check Pods Manifest.lock";
			outputPaths = (
			);
			runOnlyForDeploymentPostprocessing = 0;
			shellPath = /bin/sh;
			shellScript = "diff \"${PODS_ROOT}/../Podfile.lock\" \"${PODS_ROOT}/Manifest.lock\" > /dev/null\nif [[ $? != 0 ]] ; then\n    cat << EOM\nerror: The sandbox is not in sync with the Podfile.lock. Run 'pod install' or update your CocoaPods installation.\nEOM\n    exit 1\nfi\n";
			showEnvVarsInLog = 0;
		};
/* End PBXShellScriptBuildPhase section */

/* Begin PBXSourcesBuildPhase section */
		DB7A16CB1FEA1ECE007CAFB9 /* Sources */ = {
			isa = PBXSourcesBuildPhase;
			buildActionMask = 2147483647;
			files = (
				DB7A16D71FEA1ECE007CAFB9 /* ViewController.m in Sources */,
				DB7A16E21FEA1ECE007CAFB9 /* main.m in Sources */,
				DB7A16D41FEA1ECE007CAFB9 /* AppDelegate.m in Sources */,
			);
			runOnlyForDeploymentPostprocessing = 0;
		};
/* End PBXSourcesBuildPhase section */

/* Begin PBXVariantGroup section */
		DB7A16D81FEA1ECE007CAFB9 /* Main.storyboard */ = {
			isa = PBXVariantGroup;
			children = (
				DB7A16D91FEA1ECE007CAFB9 /* Base */,
			);
			name = Main.storyboard;
			sourceTree = "<group>";
		};
		DB7A16DD1FEA1ECE007CAFB9 /* LaunchScreen.storyboard */ = {
			isa = PBXVariantGroup;
			children = (
				DB7A16DE1FEA1ECE007CAFB9 /* Base */,
			);
			name = LaunchScreen.storyboard;
			sourceTree = "<group>";
		};
/* End PBXVariantGroup section */

/* Begin XCBuildConfiguration section */
		DB7A16E31FEA1ECE007CAFB9 /* Debug */ = {
			isa = XCBuildConfiguration;
			buildSettings = {
				ALWAYS_SEARCH_USER_PATHS = NO;
				CLANG_ANALYZER_NONNULL = YES;
				CLANG_ANALYZER_NUMBER_OBJECT_CONVERSION = YES_AGGRESSIVE;
				CLANG_CXX_LANGUAGE_STANDARD = "gnu++14";
				CLANG_CXX_LIBRARY = "libc++";
				CLANG_ENABLE_MODULES = YES;
				CLANG_ENABLE_OBJC_ARC = YES;
				CLANG_WARN_BLOCK_CAPTURE_AUTORELEASING = YES;
				CLANG_WARN_BOOL_CONVERSION = YES;
				CLANG_WARN_COMMA = YES;
				CLANG_WARN_CONSTANT_CONVERSION = YES;
				CLANG_WARN_DIRECT_OBJC_ISA_USAGE = YES_ERROR;
				CLANG_WARN_DOCUMENTATION_COMMENTS = YES;
				CLANG_WARN_EMPTY_BODY = YES;
				CLANG_WARN_ENUM_CONVERSION = YES;
				CLANG_WARN_INFINITE_RECURSION = YES;
				CLANG_WARN_INT_CONVERSION = YES;
				CLANG_WARN_NON_LITERAL_NULL_CONVERSION = YES;
				CLANG_WARN_OBJC_LITERAL_CONVERSION = YES;
				CLANG_WARN_OBJC_ROOT_CLASS = YES_ERROR;
				CLANG_WARN_RANGE_LOOP_ANALYSIS = YES;
				CLANG_WARN_STRICT_PROTOTYPES = YES;
				CLANG_WARN_SUSPICIOUS_MOVE = YES;
				CLANG_WARN_UNGUARDED_AVAILABILITY = YES_AGGRESSIVE;
				CLANG_WARN_UNREACHABLE_CODE = YES;
				CLANG_WARN__DUPLICATE_METHOD_MATCH = YES;
				CODE_SIGN_IDENTITY = "iPhone Developer";
				COPY_PHASE_STRIP = NO;
				DEBUG_INFORMATION_FORMAT = dwarf;
				ENABLE_STRICT_OBJC_MSGSEND = YES;
				ENABLE_TESTABILITY = YES;
				GCC_C_LANGUAGE_STANDARD = gnu11;
				GCC_DYNAMIC_NO_PIC = NO;
				GCC_NO_COMMON_BLOCKS = YES;
				GCC_OPTIMIZATION_LEVEL = 0;
				GCC_PREPROCESSOR_DEFINITIONS = (
					"DEBUG=1",
					"$(inherited)",
				);
				GCC_WARN_64_TO_32_BIT_CONVERSION = YES;
				GCC_WARN_ABOUT_RETURN_TYPE = YES_ERROR;
				GCC_WARN_UNDECLARED_SELECTOR = YES;
				GCC_WARN_UNINITIALIZED_AUTOS = YES_AGGRESSIVE;
				GCC_WARN_UNUSED_FUNCTION = YES;
				GCC_WARN_UNUSED_VARIABLE = YES;
				IPHONEOS_DEPLOYMENT_TARGET = 11.2;
				MTL_ENABLE_DEBUG_INFO = YES;
				ONLY_ACTIVE_ARCH = YES;
				SDKROOT = iphoneos;
			};
			name = Debug;
		};
		DB7A16E41FEA1ECE007CAFB9 /* Release */ = {
			isa = XCBuildConfiguration;
			buildSettings = {
				ALWAYS_SEARCH_USER_PATHS = NO;
				CLANG_ANALYZER_NONNULL = YES;
				CLANG_ANALYZER_NUMBER_OBJECT_CONVERSION = YES_AGGRESSIVE;
				CLANG_CXX_LANGUAGE_STANDARD = "gnu++14";
				CLANG_CXX_LIBRARY = "libc++";
				CLANG_ENABLE_MODULES = YES;
				CLANG_ENABLE_OBJC_ARC = YES;
				CLANG_WARN_BLOCK_CAPTURE_AUTORELEASING = YES;
				CLANG_WARN_BOOL_CONVERSION = YES;
				CLANG_WARN_COMMA = YES;
				CLANG_WARN_CONSTANT_CONVERSION = YES;
				CLANG_WARN_DIRECT_OBJC_ISA_USAGE = YES_ERROR;
				CLANG_WARN_DOCUMENTATION_COMMENTS = YES;
				CLANG_WARN_EMPTY_BODY = YES;
				CLANG_WARN_ENUM_CONVERSION = YES;
				CLANG_WARN_INFINITE_RECURSION = YES;
				CLANG_WARN_INT_CONVERSION = YES;
				CLANG_WARN_NON_LITERAL_NULL_CONVERSION = YES;
				CLANG_WARN_OBJC_LITERAL_CONVERSION = YES;
				CLANG_WARN_OBJC_ROOT_CLASS = YES_ERROR;
				CLANG_WARN_RANGE_LOOP_ANALYSIS = YES;
				CLANG_WARN_STRICT_PROTOTYPES = YES;
				CLANG_WARN_SUSPICIOUS_MOVE = YES;
				CLANG_WARN_UNGUARDED_AVAILABILITY = YES_AGGRESSIVE;
				CLANG_WARN_UNREACHABLE_CODE = YES;
				CLANG_WARN__DUPLICATE_METHOD_MATCH = YES;
				CODE_SIGN_IDENTITY = "iPhone Developer";
				COPY_PHASE_STRIP = NO;
				DEBUG_INFORMATION_FORMAT = "dwarf-with-dsym";
				ENABLE_NS_ASSERTIONS = NO;
				ENABLE_STRICT_OBJC_MSGSEND = YES;
				GCC_C_LANGUAGE_STANDARD = gnu11;
				GCC_NO_COMMON_BLOCKS = YES;
				GCC_WARN_64_TO_32_BIT_CONVERSION = YES;
				GCC_WARN_ABOUT_RETURN_TYPE = YES_ERROR;
				GCC_WARN_UNDECLARED_SELECTOR = YES;
				GCC_WARN_UNINITIALIZED_AUTOS = YES_AGGRESSIVE;
				GCC_WARN_UNUSED_FUNCTION = YES;
				GCC_WARN_UNUSED_VARIABLE = YES;
				IPHONEOS_DEPLOYMENT_TARGET = 11.2;
				MTL_ENABLE_DEBUG_INFO = NO;
				SDKROOT = iphoneos;
				VALIDATE_PRODUCT = YES;
			};
			name = Release;
		};
		DB7A16E61FEA1ECE007CAFB9 /* Debug */ = {
			isa = XCBuildConfiguration;
			baseConfigurationReference = 25ED0F4CB79EC7C51CD859FB /* Pods-googleMap.debug.xcconfig */;
			buildSettings = {
				ASSETCATALOG_COMPILER_APPICON_NAME = AppIcon;
				CODE_SIGN_STYLE = Automatic;
				DEVELOPMENT_TEAM = T65EE75V48;
				INFOPLIST_FILE = googleMap/Info.plist;
				IPHONEOS_DEPLOYMENT_TARGET = 9.0;
				LD_RUNPATH_SEARCH_PATHS = "$(inherited) @executable_path/Frameworks";
				PRODUCT_BUNDLE_IDENTIFIER = "com.Harute.Google-test";
				PRODUCT_NAME = "$(TARGET_NAME)";
				TARGETED_DEVICE_FAMILY = "1,2";
			};
			name = Debug;
		};
		DB7A16E71FEA1ECE007CAFB9 /* Release */ = {
			isa = XCBuildConfiguration;
			baseConfigurationReference = C9054B7933B9371297BA46B1 /* Pods-googleMap.release.xcconfig */;
			buildSettings = {
				ASSETCATALOG_COMPILER_APPICON_NAME = AppIcon;
				CODE_SIGN_STYLE = Automatic;
				DEVELOPMENT_TEAM = T65EE75V48;
				INFOPLIST_FILE = googleMap/Info.plist;
				IPHONEOS_DEPLOYMENT_TARGET = 9.0;
				LD_RUNPATH_SEARCH_PATHS = "$(inherited) @executable_path/Frameworks";
				PRODUCT_BUNDLE_IDENTIFIER = "com.Harute.Google-test";
				PRODUCT_NAME = "$(TARGET_NAME)";
				TARGETED_DEVICE_FAMILY = "1,2";
			};
			name = Release;
		};
/* End XCBuildConfiguration section */

/* Begin XCConfigurationList section */
		DB7A16CA1FEA1ECE007CAFB9 /* Build configuration list for PBXProject "googleMap" */ = {
			isa = XCConfigurationList;
			buildConfigurations = (
				DB7A16E31FEA1ECE007CAFB9 /* Debug */,
				DB7A16E41FEA1ECE007CAFB9 /* Release */,
			);
			defaultConfigurationIsVisible = 0;
			defaultConfigurationName = Release;
		};
		DB7A16E51FEA1ECE007CAFB9 /* Build configuration list for PBXNativeTarget "googleMap" */ = {
			isa = XCConfigurationList;
			buildConfigurations = (
				DB7A16E61FEA1ECE007CAFB9 /* Debug */,
				DB7A16E71FEA1ECE007CAFB9 /* Release */,
			);
			defaultConfigurationIsVisible = 0;
			defaultConfigurationName = Release;
		};
/* End XCConfigurationList section */
	};
	rootObject = DB7A16C71FEA1ECE007CAFB9 /* Project object */;
}
